Microsoft Visual Studio Solution File, Format Version 12.00
# Visual Studio Version 17
VisualStudioVersion = 17.5.2.0
MinimumVisualStudioVersion = 10.0.40219.1
Project("{FAE04EC0-301F-11D3-BF4B-00C04F79EFBC}") = "oop project last", "oop project last.csproj", "{C45486ED-E51F-CFEA-199C-818E748E096E}"
EndProject
Global
	GlobalSection(SolutionConfigurationPlatforms) = preSolution
		Debug|Any CPU = Debug|Any CPU
		Release|Any CPU = Release|Any CPU
	EndGlobalSection
	GlobalSection(ProjectConfigurationPlatforms) = postSolution
		{C45486ED-E51F-CFEA-199C-818E748E096E}.Debug|Any CPU.ActiveCfg = Debug|Any CPU
		{C45486ED-E51F-CFEA-199C-818E748E096E}.Debug|Any CPU.Build.0 = Debug|Any CPU
		{C45486ED-E51F-CFEA-199C-818E748E096E}.Release|Any CPU.ActiveCfg = Release|Any CPU
		{C45486ED-E51F-CFEA-199C-818E748E096E}.Release|Any CPU.Build.0 = Release|Any CPU
	EndGlobalSection
	GlobalSection(SolutionProperties) = preSolution
		HideSolutionNode = FALSE
	EndGlobalSection
	GlobalSection(ExtensibilityGlobals) = postSolution
		SolutionGuid = {FF1779FF-64C7-4469-A282-315F0456E383}
	EndGlobalSection
EndGlobal
